<?xml version="1.0" encoding="utf-8"?>
<Project ToolsVersion="4.0" xmlns="http://schemas.microsoft.com/developer/msbuild/2003">
  <ItemGroup>
    <Filter Include="Source Files">
      <UniqueIdentifier>{4FC737F1-C7A5-4376-A066-2A32D752A2FF}</UniqueIdentifier>
      <Extensions>cpp;c;cc;cxx;def;odl;idl;hpj;bat;asm;asmx</Extensions>
    </Filter>
    <Filter Include="Header Files">
      <UniqueIdentifier>{93995380-89BD-4b04-88EB-625FBE52EBFB}</UniqueIdentifier>
      <Extensions>h;hh;hpp;hxx;hm;inl;inc;ipp;xsd</Extensions>
    </Filter>
    <Filter Include="Resource Files">
      <UniqueIdentifier>{67DA6AB6-F800-4c08-8B7A-83BB121AAD01}</UniqueIdentifier>
      <Extensions>rc;ico;cur;bmp;dlg;rc2;rct;bin;rgs;gif;jpg;jpeg;jpe;resx;tiff;tif;png;wav;mfcribbon-ms</Extensions>
    </Filter>
  </ItemGroup>
  <ItemGroup>
    <None Include="packages.config" />
  </ItemGroup>
  <ItemGroup>
    <ClCompile Include="hello_world.cpp">
      <Filter>Source Files</Filter>
    </ClCompile>
    <ClCompile Include="allegro_mgeig_02_01.cpp">
      <Filter>Source Files</Filter>
    </ClCompile>
    <ClCompile Include="allegro_mgeig_01.cpp">
      <Filter>Source Files</Filter>
    </ClCompile>
    <ClCompile Include="allegro_mgeig_02_03_text.cpp">
      <Filter>Source Files</Filter>
    </ClCompile>
    <ClCompile Include="allegro_mgeig_02_04_primitives.cpp">
      <Filter>Source Files</Filter>
    </ClCompile>
    <ClCompile Include="allegro_mgeig_03-02.cpp">
      <Filter>Source Files</Filter>
    </ClCompile>
    <ClCompile Include="allegro_mgeig_03-01.cpp">
      <Filter>Source Files</Filter>
    </ClCompile>
    <ClCompile Include="allegro_mgeig_03-03.cpp">
      <Filter>Source Files</Filter>
    </ClCompile>
    <ClCompile Include="allegro_mgeig_04-01-Timing.cpp">
      <Filter>Source Files</Filter>
    </ClCompile>
    <ClCompile Include="allegro_mgeig_04_02_TimedLoop.cpp">
      <Filter>Source Files</Filter>
    </ClCompile>
    <ClCompile Include="allegro_mgeig_05-01_ThePlayer.cpp">
      <Filter>Source Files</Filter>
    </ClCompile>
    <ClCompile Include="allegro_mgeig_05-02_Movement.cpp">
      <Filter>Source Files</Filter>
    </ClCompile>
    <ClCompile Include="TestInitAllegro.cpp">
      <Filter>Source Files</Filter>
    </ClCompile>
    <ClCompile Include="allegro_mgeig_05_03_Bullets.cpp">
      <Filter>Source Files</Filter>
    </ClCompile>
    <ClCompile Include="allegro_mgeig_05-04_Comets.cpp">
      <Filter>Source Files</Filter>
    </ClCompile>
    <ClCompile Include="CountFPS.cpp">
      <Filter>Source Files</Filter>
    </ClCompile>
    <ClCompile Include="Platformer.cpp">
      <Filter>Source Files</Filter>
    </ClCompile>
    <ClCompile Include="FPS_Demo.cpp">
      <Filter>Source Files</Filter>
    </ClCompile>
    <ClCompile Include="Basic Loop.cpp">
      <Filter>Source Files</Filter>
    </ClCompile>
    <ClCompile Include="allegro_mgeig_06_01_Bitmaps.cpp">
      <Filter>Source Files</Filter>
    </ClCompile>
    <ClCompile Include="explosion.cpp">
      <Filter>Source Files</Filter>
    </ClCompile>
    <ClCompile Include="maingameloop.cpp">
      <Filter>Source Files</Filter>
    </ClCompile>
    <ClCompile Include="setupart.cpp">
      <Filter>Source Files</Filter>
    </ClCompile>
    <ClCompile Include="+sprite_JJH.cpp">
      <Filter>Source Files</Filter>
    </ClCompile>
    <ClCompile Include="+sprite_player.cpp">
      <Filter>Source Files</Filter>
    </ClCompile>
    <ClCompile Include="+Sprite.cpp">
      <Filter>Source Files</Filter>
    </ClCompile>
    <ClCompile Include="+App.cpp">
      <Filter>Source Files</Filter>
    </ClCompile>
    <ClCompile Include="!globals.cpp">
      <Filter>Source Files</Filter>
    </ClCompile>
    <ClCompile Include="creategameobjs.cpp">
      <Filter>Source Files</Filter>
    </ClCompile>
    <ClCompile Include="maingameloop_hackedup.cpp">
      <Filter>Source Files</Filter>
    </ClCompile>
    <ClCompile Include="01_main.cpp">
      <Filter>Source Files</Filter>
    </ClCompile>
    <ClCompile Include="ConcatenateSpriteFrames.cpp">
      <Filter>Source Files</Filter>
    </ClCompile>
    <ClCompile Include="02_biplane.cpp">
      <Filter>Source Files</Filter>
    </ClCompile>
    <ClCompile Include="02_gamecode_01.cpp">
      <Filter>Source Files</Filter>
    </ClCompile>
    <ClCompile Include="03-invaders_update.cpp">
      <Filter>Source Files</Filter>
    </ClCompile>
  </ItemGroup>
  <ItemGroup>
    <ClInclude Include="maingameloop.hpp">
      <Filter>Header Files</Filter>
    </ClInclude>
    <ClInclude Include="explosion.hpp">
      <Filter>Header Files</Filter>
    </ClInclude>
    <ClInclude Include="setupart.hpp">
      <Filter>Header Files</Filter>
    </ClInclude>
    <ClInclude Include="+sprite_JJH.hpp">
      <Filter>Header Files</Filter>
    </ClInclude>
    <ClInclude Include="+sprite_player.hpp">
      <Filter>Header Files</Filter>
    </ClInclude>
    <ClInclude Include="+App.hpp">
      <Filter>Header Files</Filter>
    </ClInclude>
    <ClInclude Include="+Sprite.hpp">
      <Filter>Header Files</Filter>
    </ClInclude>
    <ClInclude Include="!globals.hpp">
      <Filter>Header Files</Filter>
    </ClInclude>
    <ClInclude Include="creategameobjs.hpp">
      <Filter>Header Files</Filter>
    </ClInclude>
    <ClInclude Include="01_main.hpp">
      <Filter>Header Files</Filter>
    </ClInclude>
    <ClInclude Include="!4StackOverflow.hpp">
      <Filter>Header Files</Filter>
    </ClInclude>
    <ClInclude Include="02_gamecode_01.hpp">
      <Filter>Header Files</Filter>
    </ClInclude>
  </ItemGroup>
</Project>